{
  "name": "express_layouts_and_controllers",
  "version": "1.0.0",
  "lockfileVersion": 2,
  "requires": true,
  "packages": {
    "": {
      "version": "1.0.0",
      "license": "ISC",
      "dependencies": {
        "express-ejs-layouts": "^2.5.0"
      }
    },
    "node_modules/express-ejs-layouts": {
      "version": "2.5.0",
      "resolved": "https://registry.npmjs.org/express-ejs-layouts/-/express-ejs-layouts-2.5.0.tgz",
      "integrity": "sha512-27Kza3FR8UqvQsq1ewaxC2IwpgrQttYDEFN5s8D74Fv1VPdzsXFWsiKhPMlNauG+DrgMAmh7FhQl5hKHffd+wQ=="
    }
  },
  "dependencies": {
    "express-ejs-layouts": {
      "version": "2.5.0",
      "resolved": "https://registry.npmjs.org/express-ejs-layouts/-/express-ejs-layouts-2.5.0.tgz",
      "integrity": "sha512-27Kza3FR8UqvQsq1ewaxC2IwpgrQttYDEFN5s8D74Fv1VPdzsXFWsiKhPMlNauG+DrgMAmh7FhQl5hKHffd+wQ=="
    }
  }
}
